// !$*UTF8*$!
{
	archiveVersion = 1;
	classes = {
	};
	objectVersion = 46;
	objects = {

/* Begin PBXBuildFile section */
		0029517C1C840BA500D31419 /* AppDelegate.swift in Sources */ = {isa = PBXBuildFile; fileRef = 0029517B1C840BA500D31419 /* AppDelegate.swift */; };
		0029517E1C840BA500D31419 /* ViewController.swift in Sources */ = {isa = PBXBuildFile; fileRef = 0029517D1C840BA500D31419 /* ViewController.swift */; };
		002951811C840BA500D31419 /* Main.storyboard in Resources */ = {isa = PBXBuildFile; fileRef = 0029517F1C840BA500D31419 /* Main.storyboard */; };
		002951831C840BA500D31419 /* Assets.xcassets in Resources */ = {isa = PBXBuildFile; fileRef = 002951821C840BA500D31419 /* Assets.xcassets */; };
		002951861C840BA500D31419 /* LaunchScreen.storyboard in Resources */ = {isa = PBXBuildFile; fileRef = 002951841C840BA500D31419 /* LaunchScreen.storyboard */; };
/* End PBXBuildFile section */

/* Begin PBXFileReference section */
		002951781C840BA400D31419 /* ParseInsta.app */ = {isa = PBXFileReference; explicitFileType = wrapper.application; includeInIndex = 0; path = ParseInsta.app; sourceTree = BUILT_PRODUCTS_DIR; };
		0029517B1C840BA500D31419 /* AppDelegate.swift */ = {isa = PBXFileReference; lastKnownFileType = sourcecode.swift; path = AppDelegate.swift; sourceTree = "<group>"; };
		0029517D1C840BA500D31419 /* ViewController.swift */ = {isa = PBXFileReference; lastKnownFileType = sourcecode.swift; path = ViewController.swift; sourceTree = "<group>"; };
		002951801C840BA500D31419 /* Base */ = {isa = PBXFileReference; lastKnownFileType = file.storyboard; name = Base; path = Base.lproj/Main.storyboard; sourceTree = "<group>"; };
		002951821C840BA500D31419 /* Assets.xcassets */ = {isa = PBXFileReference; lastKnownFileType = folder.assetcatalog; path = Assets.xcassets; sourceTree = "<group>"; };
		002951851C840BA500D31419 /* Base */ = {isa = PBXFileReference; lastKnownFileType = file.storyboard; name = Base; path = Base.lproj/LaunchScreen.storyboard; sourceTree = "<group>"; };
		002951871C840BA500D31419 /* Info.plist */ = {isa = PBXFileReference; lastKnownFileType = text.plist.xml; path = Info.plist; sourceTree = "<group>"; };
/* End PBXFileReference section */

/* Begin PBXFrameworksBuildPhase section */
		002951751C840BA400D31419 /* Frameworks */ = {
			isa = PBXFrameworksBuildPhase;
			buildActionMask = 2147483647;
			files = (
			);
			runOnlyForDeploymentPostprocessing = 0;
		};
/* End PBXFrameworksBuildPhase section */

/* Begin PBXGroup section */
		0029516F1C840BA400D31419 = {
			isa = PBXGroup;
			children = (
				0029517A1C840BA500D31419 /* ParseInsta */,
				002951791C840BA400D31419 /* Products */,
			);
			sourceTree = "<group>";
		};
		002951791C840BA400D31419 /* Products */ = {
			isa = PBXGroup;
			children = (
				002951781C840BA400D31419 /* ParseInsta.app */,
			);
			name = Products;
			sourceTree = "<group>";
		};
		0029517A1C840BA500D31419 /* ParseInsta */ = {
			isa = PBXGroup;
			children = (
				0029517B1C840BA500D31419 /* AppDelegate.swift */,
				0029517D1C840BA500D31419 /* ViewController.swift */,
				0029517F1C840BA500D31419 /* Main.storyboard */,
				002951821C840BA500D31419 /* Assets.xcassets */,
				002951841C840BA500D31419 /* LaunchScreen.storyboard */,
				002951871C840BA500D31419 /* Info.plist */,
			);
			path = ParseInsta;
			sourceTree = "<group>";
		};
/* End PBXGroup section */

/* Begin PBXNativeTarget section */
		002951771C840BA400D31419 /* ParseInsta */ = {
			isa = PBXNativeTarget;
			buildConfigurationList = 0029518A1C840BA500D31419 /* Build configuration list for PBXNativeTarget "ParseInsta" */;
			buildPhases = (
				002951741C840BA400D31419 /* Sources */,
				002951751C840BA400D31419 /* Frameworks */,
				002951761C840BA400D31419 /* Resources */,
			);
			buildRules = (
			);
			dependencies = (
			);
			name = ParseInsta;
			productName = ParseInsta;
			productReference = 002951781C840BA400D31419 /* ParseInsta.app */;
			productType = "com.apple.product-type.application";
		};
/* End PBXNativeTarget section */

/* Begin PBXProject section */
		002951701C840BA400D31419 /* Project object */ = {
			isa = PBXProject;
			attributes = {
				LastSwiftUpdateCheck = 0710;
				LastUpgradeCheck = 0710;
				ORGANIZATIONNAME = "William Tong";
				TargetAttributes = {
					002951771C840BA400D31419 = {
						CreatedOnToolsVersion = 7.1;
					};
				};
			};
			buildConfigurationList = 002951731C840BA400D31419 /* Build configuration list for PBXProject "ParseInsta" */;
			compatibilityVersion = "Xcode 3.2";
			developmentRegion = English;
			hasScannedForEncodings = 0;
			knownRegions = (
				en,
				Base,
			);
			mainGroup = 0029516F1C840BA400D31419;
			productRefGroup = 002951791C840BA400D31419 /* Products */;
			projectDirPath = "";
			projectRoot = "";
			targets = (
				002951771C840BA400D31419 /* ParseInsta */,
			);
		};
/* End PBXProject section */

/* Begin PBXResourcesBuildPhase section */
		002951761C840BA400D31419 /* Resources */ = {
			isa = PBXResourcesBuildPhase;
			buildActionMask = 2147483647;
			files = (
				002951861C840BA500D31419 /* LaunchScreen.storyboard in Resources */,
				002951831C840BA500D31419 /* Assets.xcassets in Resources */,
				002951811C840BA500D31419 /* Main.storyboard in Resources */,
			);
			runOnlyForDeploymentPostprocessing = 0;
		};
/* End PBXResourcesBuildPhase section */

/* Begin PBXSourcesBuildPhase section */
		002951741C840BA400D31419 /* Sources */ = {
			isa = PBXSourcesBuildPhase;
			buildActionMask = 2147483647;
			files = (
				0029517E1C840BA500D31419 /* ViewController.swift in Sources */,
				0029517C1C840BA500D31419 /* AppDelegate.swift in Sources */,
			);
			runOnlyForDeploymentPostprocessing = 0;
		};
/* End PBXSourcesBuildPhase section */

/* Begin PBXVariantGroup section */
		0029517F1C840BA500D31419 /* Main.storyboard */ = {
			isa = PBXVariantGroup;
			children = (
				002951801C840BA500D31419 /* Base */,
			);
			name = Main.storyboard;
			sourceTree = "<group>";
		};
		002951841C840BA500D31419 /* LaunchScreen.storyboard */ = {
			isa = PBXVariantGroup;
			children = (
				002951851C840BA500D31419 /* Base */,
			);
			name = LaunchScreen.storyboard;
			sourceTree = "<group>";
		};
/* End PBXVariantGroup section */

/* Begin XCBuildConfiguration section */
		002951881C840BA500D31419 /* Debug */ = {
			isa = XCBuildConfiguration;
			buildSettings = {
				ALWAYS_SEARCH_USER_PATHS = NO;
				CLANG_CXX_LANGUAGE_STANDARD = "gnu++0x";
				CLANG_CXX_LIBRARY = "libc++";
				CLANG_ENABLE_MODULES = YES;
				CLANG_ENABLE_OBJC_ARC = YES;
				CLANG_WARN_BOOL_CONVERSION = YES;
				CLANG_WARN_CONSTANT_CONVERSION = YES;
				CLANG_WARN_DIRECT_OBJC_ISA_USAGE = YES_ERROR;
				CLANG_WARN_EMPTY_BODY = YES;
				CLANG_WARN_ENUM_CONVERSION = YES;
				CLANG_WARN_INT_CONVERSION = YES;
				CLANG_WARN_OBJC_ROOT_CLASS = YES_ERROR;
				CLANG_WARN_UNREACHABLE_CODE = YES;
				CLANG_WARN__DUPLICATE_METHOD_MATCH = YES;
				"CODE_SIGN_IDENTITY[sdk=iphoneos*]" = "iPhone Developer";
				COPY_PHASE_STRIP = NO;
				DEBUG_INFORMATION_FORMAT = dwarf;
				ENABLE_STRICT_OBJC_MSGSEND = YES;
				ENABLE_TESTABILITY = YES;
				GCC_C_LANGUAGE_STANDARD = gnu99;
				GCC_DYNAMIC_NO_PIC = NO;
				GCC_NO_COMMON_BLOCKS = YES;
				GCC_OPTIMIZATION_LEVEL = 0;
				GCC_PREPROCESSOR_DEFINITIONS = (
					"DEBUG=1",
					"$(inherited)",
				);
				GCC_WARN_64_TO_32_BIT_CONVERSION = YES;
				GCC_WARN_ABOUT_RETURN_TYPE = YES_ERROR;
				GCC_WARN_UNDECLARED_SELECTOR = YES;
				GCC_WARN_UNINITIALIZED_AUTOS = YES_AGGRESSIVE;
				GCC_WARN_UNUSED_FUNCTION = YES;
				GCC_WARN_UNUSED_VARIABLE = YES;
				IPHONEOS_DEPLOYMENT_TARGET = 9.1;
				MTL_ENABLE_DEBUG_INFO = YES;
				ONLY_ACTIVE_ARCH = YES;
				SDKROOT = iphoneos;
				SWIFT_OPTIMIZATION_LEVEL = "-Onone";
			};
			name = Debug;
		};
		002951891C840BA500D31419 /* Release */ = {
			isa = XCBuildConfiguration;
			buildSettings = {
				ALWAYS_SEARCH_USER_PATHS = NO;
				CLANG_CXX_LANGUAGE_STANDARD = "gnu++0x";
				CLANG_CXX_LIBRARY = "libc++";
				CLANG_ENABLE_MODULES = YES;
				CLANG_ENABLE_OBJC_ARC = YES;
				CLANG_WARN_BOOL_CONVERSION = YES;
				CLANG_WARN_CONSTANT_CONVERSION = YES;
				CLANG_WARN_DIRECT_OBJC_ISA_USAGE = YES_ERROR;
				CLANG_WARN_EMPTY_BODY = YES;
				CLANG_WARN_ENUM_CONVERSION = YES;
				CLANG_WARN_INT_CONVERSION = YES;
				CLANG_WARN_OBJC_ROOT_CLASS = YES_ERROR;
				CLANG_WARN_UNREACHABLE_CODE = YES;
				CLANG_WARN__DUPLICATE_METHOD_MATCH = YES;
				"CODE_SIGN_IDENTITY[sdk=iphoneos*]" = "iPhone Developer";
				COPY_PHASE_STRIP = NO;
				DEBUG_INFORMATION_FORMAT = "dwarf-with-dsym";
				ENABLE_NS_ASSERTIONS = NO;
				ENABLE_STRICT_OBJC_MSGSEND = YES;
				GCC_C_LANGUAGE_STANDARD = gnu99;
				GCC_NO_COMMON_BLOCKS = YES;
				GCC_WARN_64_TO_32_BIT_CONVERSION = YES;
				GCC_WARN_ABOUT_RETURN_TYPE = YES_ERROR;
				GCC_WARN_UNDECLARED_SELECTOR = YES;
				GCC_WARN_UNINITIALIZED_AUTOS = YES_AGGRESSIVE;
				GCC_WARN_UNUSED_FUNCTION = YES;
				GCC_WARN_UNUSED_VARIABLE = YES;
				IPHONEOS_DEPLOYMENT_TARGET = 9.1;
				MTL_ENABLE_DEBUG_INFO = NO;
				SDKROOT = iphoneos;
				VALIDATE_PRODUCT = YES;
			};
			name = Release;
		};
		0029518B1C840BA500D31419 /* Debug */ = {
			isa = XCBuildConfiguration;
			buildSettings = {
				ASSETCATALOG_COMPILER_APPICON_NAME = AppIcon;
				INFOPLIST_FILE = ParseInsta/Info.plist;
				LD_RUNPATH_SEARCH_PATHS = "$(inherited) @executable_path/Frameworks";
				PRODUCT_BUNDLE_IDENTIFIER = com.WillTong.ParseInsta;
				PRODUCT_NAME = "$(TARGET_NAME)";
			};
			name = Debug;
		};
		0029518C1C840BA500D31419 /* Release */ = {
			isa = XCBuildConfiguration;
			buildSettings = {
				ASSETCATALOG_COMPILER_APPICON_NAME = AppIcon;
				INFOPLIST_FILE = ParseInsta/Info.plist;
				LD_RUNPATH_SEARCH_PATHS = "$(inherited) @executable_path/Frameworks";
				PRODUCT_BUNDLE_IDENTIFIER = com.WillTong.ParseInsta;
				PRODUCT_NAME = "$(TARGET_NAME)";
			};
			name = Release;
		};
/* End XCBuildConfiguration section */

/* Begin XCConfigurationList section */
		002951731C840BA400D31419 /* Build configuration list for PBXProject "ParseInsta" */ = {
			isa = XCConfigurationList;
			buildConfigurations = (
				002951881C840BA500D31419 /* Debug */,
				002951891C840BA500D31419 /* Release */,
			);
			defaultConfigurationIsVisible = 0;
			defaultConfigurationName = Release;
		};
		0029518A1C840BA500D31419 /* Build configuration list for PBXNativeTarget "ParseInsta" */ = {
			isa = XCConfigurationList;
			buildConfigurations = (
				0029518B1C840BA500D31419 /* Debug */,
				0029518C1C840BA500D31419 /* Release */,
			);
			defaultConfigurationIsVisible = 0;
		};
/* End XCConfigurationList section */
	};
	rootObject = 002951701C840BA400D31419 /* Project object */;
}
